PODS:
  - fjs (2.2.0):
    - Flutter
  - Flutter (1.0.0)

DEPENDENCIES:
  - fjs (from `.symlinks/plugins/fjs/ios`)
  - Flutter (from `Flutter`)

EXTERNAL SOURCES:
  fjs:
    :path: ".symlinks/plugins/fjs/ios"
  Flutter:
    :path: Flutter

SPEC CHECKSUMS:
  fjs: 08fc0f926a82d3675df293880c68288ff9faa992
  Flutter: cabc95a1d2626b1b06e7179b784ebcf0c0cde467

PODFILE CHECKSUM: 3c63482e143d1b91d2d2560aee9fb04ecc74ac7e

COCOAPODS: 1.16.2
