PODS:
  - FlutterMacOS (1.0.0)
  - solid_fuse (0.1.0):
    - FlutterMacOS

DEPENDENCIES:
  - FlutterMacOS (from `Flutter/ephemeral`)
  - solid_fuse (from `Flutter/ephemeral/.symlinks/plugins/solid_fuse/macos`)

EXTERNAL SOURCES:
  FlutterMacOS:
    :path: Flutter/ephemeral
  solid_fuse:
    :path: Flutter/ephemeral/.symlinks/plugins/solid_fuse/macos

SPEC CHECKSUMS:
  FlutterMacOS: d0db08ddef1a9af05a5ec4b724367152bb0500b1
  solid_fuse: 31faddd50095067c5ddf271fd33514cf2220bc94

PODFILE CHECKSUM: 54d867c82ac51cbd61b565781b9fada492027009

COCOAPODS: 1.16.2
