PODS:
  - fjs (1.0.0):
    - FlutterMacOS
  - FlutterMacOS (1.0.0)

DEPENDENCIES:
  - fjs (from `Flutter/ephemeral/.symlinks/plugins/fjs/macos`)
  - FlutterMacOS (from `Flutter/ephemeral`)

EXTERNAL SOURCES:
  fjs:
    :path: Flutter/ephemeral/.symlinks/plugins/fjs/macos
  FlutterMacOS:
    :path: Flutter/ephemeral

SPEC CHECKSUMS:
  fjs: f35b778575fd57e72b15d0753de578eba009c73a
  FlutterMacOS: d0db08ddef1a9af05a5ec4b724367152bb0500b1

PODFILE CHECKSUM: 54d867c82ac51cbd61b565781b9fada492027009

COCOAPODS: 1.16.2
